Microsoft Visual Studio Solution File, Format Version 12.00
# Visual Studio Version 17
VisualStudioVersion = 17.5.2.0
MinimumVisualStudioVersion = 10.0.40219.1
Project("{2150E333-8FDC-42A3-9474-1A3956D46DE8}") = "api", "api", "{D82C56D6-B2CD-F611-9E31-04638F7EC30E}"
EndProject
Project("{FAE04EC0-301F-11D3-BF4B-00C04F79EFBC}") = "MatchaApi", "api\MatchaApi.csproj", "{D9536672-9997-7625-A957-23A52F22C456}"
EndProject
Global
	GlobalSection(SolutionConfigurationPlatforms) = preSolution
		Debug|Any CPU = Debug|Any CPU
		Release|Any CPU = Release|Any CPU
	EndGlobalSection
	GlobalSection(ProjectConfigurationPlatforms) = postSolution
		{D9536672-9997-7625-A957-23A52F22C456}.Debug|Any CPU.ActiveCfg = Debug|Any CPU
		{D9536672-9997-7625-A957-23A52F22C456}.Debug|Any CPU.Build.0 = Debug|Any CPU
		{D9536672-9997-7625-A957-23A52F22C456}.Release|Any CPU.ActiveCfg = Release|Any CPU
		{D9536672-9997-7625-A957-23A52F22C456}.Release|Any CPU.Build.0 = Release|Any CPU
	EndGlobalSection
	GlobalSection(SolutionProperties) = preSolution
		HideSolutionNode = FALSE
	EndGlobalSection
	GlobalSection(NestedProjects) = preSolution
		{D9536672-9997-7625-A957-23A52F22C456} = {D82C56D6-B2CD-F611-9E31-04638F7EC30E}
	EndGlobalSection
	GlobalSection(ExtensibilityGlobals) = postSolution
		SolutionGuid = {2736CFC6-DF01-4A03-82A7-11CB0E58FF4A}
	EndGlobalSection
EndGlobal
